
Microsoft Visual Studio Solution File, Format Version 12.00
# Visual Studio Version 16
VisualStudioVersion = 16.0.30611.23
MinimumVisualStudioVersion = 10.0.40219.1
Project("{FAE04EC0-301F-11D3-BF4B-00C04F79EFBC}") = "Repository", "Repository\Repository.csproj", "{7017368F-D982-4AF3-9F21-8BAECA77EB15}"
EndProject
Project("{FAE04EC0-301F-11D3-BF4B-00C04F79EFBC}") = "Maps", "Maps\Maps.csproj", "{E0D0DECB-C9DA-4F9C-B8FC-AD1FB1B41119}"
EndProject
Project("{FAE04EC0-301F-11D3-BF4B-00C04F79EFBC}") = "DO", "DO\DO.csproj", "{F2A142C7-97AF-40C1-ADDE-C0DFFE3FBDF9}"
EndProject
Project("{FAE04EC0-301F-11D3-BF4B-00C04F79EFBC}") = "DAL", "DAL\DAL.csproj", "{67FA6707-C190-4D5B-B775-163061214ADD}"
EndProject
Project("{FAE04EC0-301F-11D3-BF4B-00C04F79EFBC}") = "BS", "BS\BS.csproj", "{BD53EA12-4E3F-47AF-9AA2-44173806AE7F}"
EndProject
Project("{FAE04EC0-301F-11D3-BF4B-00C04F79EFBC}") = "AppCRM", "AppCRM\AppCRM.csproj", "{673E90B0-70B6-4765-B3A9-0DE4195DAC6A}"
EndProject
Project("{FAE04EC0-301F-11D3-BF4B-00C04F79EFBC}") = "DAL.EF", "DAL.EF\DAL.EF.csproj", "{95F4EA38-10C2-4E91-B533-BCD20F2BD15F}"
EndProject
Global
	GlobalSection(SolutionConfigurationPlatforms) = preSolution
		Debug|Any CPU = Debug|Any CPU
		Release|Any CPU = Release|Any CPU
	EndGlobalSection
	GlobalSection(ProjectConfigurationPlatforms) = postSolution
		{7017368F-D982-4AF3-9F21-8BAECA77EB15}.Debug|Any CPU.ActiveCfg = Debug|Any CPU
		{7017368F-D982-4AF3-9F21-8BAECA77EB15}.Debug|Any CPU.Build.0 = Debug|Any CPU
		{7017368F-D982-4AF3-9F21-8BAECA77EB15}.Release|Any CPU.ActiveCfg = Release|Any CPU
		{7017368F-D982-4AF3-9F21-8BAECA77EB15}.Release|Any CPU.Build.0 = Release|Any CPU
		{E0D0DECB-C9DA-4F9C-B8FC-AD1FB1B41119}.Debug|Any CPU.ActiveCfg = Debug|Any CPU
		{E0D0DECB-C9DA-4F9C-B8FC-AD1FB1B41119}.Debug|Any CPU.Build.0 = Debug|Any CPU
		{E0D0DECB-C9DA-4F9C-B8FC-AD1FB1B41119}.Release|Any CPU.ActiveCfg = Release|Any CPU
		{E0D0DECB-C9DA-4F9C-B8FC-AD1FB1B41119}.Release|Any CPU.Build.0 = Release|Any CPU
		{F2A142C7-97AF-40C1-ADDE-C0DFFE3FBDF9}.Debug|Any CPU.ActiveCfg = Debug|Any CPU
		{F2A142C7-97AF-40C1-ADDE-C0DFFE3FBDF9}.Debug|Any CPU.Build.0 = Debug|Any CPU
		{F2A142C7-97AF-40C1-ADDE-C0DFFE3FBDF9}.Release|Any CPU.ActiveCfg = Release|Any CPU
		{F2A142C7-97AF-40C1-ADDE-C0DFFE3FBDF9}.Release|Any CPU.Build.0 = Release|Any CPU
		{67FA6707-C190-4D5B-B775-163061214ADD}.Debug|Any CPU.ActiveCfg = Debug|Any CPU
		{67FA6707-C190-4D5B-B775-163061214ADD}.Debug|Any CPU.Build.0 = Debug|Any CPU
		{67FA6707-C190-4D5B-B775-163061214ADD}.Release|Any CPU.ActiveCfg = Release|Any CPU
		{67FA6707-C190-4D5B-B775-163061214ADD}.Release|Any CPU.Build.0 = Release|Any CPU
		{BD53EA12-4E3F-47AF-9AA2-44173806AE7F}.Debug|Any CPU.ActiveCfg = Debug|Any CPU
		{BD53EA12-4E3F-47AF-9AA2-44173806AE7F}.Debug|Any CPU.Build.0 = Debug|Any CPU
		{BD53EA12-4E3F-47AF-9AA2-44173806AE7F}.Release|Any CPU.ActiveCfg = Release|Any CPU
		{BD53EA12-4E3F-47AF-9AA2-44173806AE7F}.Release|Any CPU.Build.0 = Release|Any CPU
		{673E90B0-70B6-4765-B3A9-0DE4195DAC6A}.Debug|Any CPU.ActiveCfg = Debug|Any CPU
		{673E90B0-70B6-4765-B3A9-0DE4195DAC6A}.Debug|Any CPU.Build.0 = Debug|Any CPU
		{673E90B0-70B6-4765-B3A9-0DE4195DAC6A}.Release|Any CPU.ActiveCfg = Release|Any CPU
		{673E90B0-70B6-4765-B3A9-0DE4195DAC6A}.Release|Any CPU.Build.0 = Release|Any CPU
		{95F4EA38-10C2-4E91-B533-BCD20F2BD15F}.Debug|Any CPU.ActiveCfg = Debug|Any CPU
		{95F4EA38-10C2-4E91-B533-BCD20F2BD15F}.Debug|Any CPU.Build.0 = Debug|Any CPU
		{95F4EA38-10C2-4E91-B533-BCD20F2BD15F}.Release|Any CPU.ActiveCfg = Release|Any CPU
		{95F4EA38-10C2-4E91-B533-BCD20F2BD15F}.Release|Any CPU.Build.0 = Release|Any CPU
	EndGlobalSection
	GlobalSection(SolutionProperties) = preSolution
		HideSolutionNode = FALSE
	EndGlobalSection
	GlobalSection(ExtensibilityGlobals) = postSolution
		SolutionGuid = {AF89D607-4BC3-4B0B-B313-01E0196DBC97}
	EndGlobalSection
EndGlobal
